<?xml version="1.0" encoding="utf-8"?>
<Project ToolsVersion="4.0" xmlns="http://schemas.microsoft.com/developer/msbuild/2003">
  <ItemGroup>
    <Filter Include="源文件">
      <UniqueIdentifier>{4FC737F1-C7A5-4376-A066-2A32D752A2FF}</UniqueIdentifier>
      <Extensions>cpp;c;cc;cxx;c++;cppm;ixx;def;odl;idl;hpj;bat;asm;asmx</Extensions>
    </Filter>
    <Filter Include="头文件">
      <UniqueIdentifier>{93995380-89BD-4b04-88EB-625FBE52EBFB}</UniqueIdentifier>
      <Extensions>h;hh;hpp;hxx;h++;hm;inl;inc;ipp;xsd</Extensions>
    </Filter>
    <Filter Include="资源文件">
      <UniqueIdentifier>{67DA6AB6-F800-4c08-8B7A-83BB121AAD01}</UniqueIdentifier>
      <Extensions>rc;ico;cur;bmp;dlg;rc2;rct;bin;rgs;gif;jpg;jpeg;jpe;resx;tiff;tif;png;wav;mfcribbon-ms</Extensions>
    </Filter>
  </ItemGroup>
  <ItemGroup>
    <ClCompile Include="1-1_内存分区.cpp">
      <Filter>源文件</Filter>
    </ClCompile>
    <ClCompile Include="2-1_引用（一）.cpp">
      <Filter>源文件</Filter>
    </ClCompile>
    <ClCompile Include="2-2_引用（二）.cpp">
      <Filter>源文件</Filter>
    </ClCompile>
    <ClCompile Include="3-1_函数默认参数.cpp">
      <Filter>源文件</Filter>
    </ClCompile>
    <ClCompile Include="3-2_函数占位参数.cpp">
      <Filter>源文件</Filter>
    </ClCompile>
    <ClCompile Include="3-3_函数重载.cpp">
      <Filter>源文件</Filter>
    </ClCompile>
    <ClCompile Include="4-1_类与对象_封装（一）.cpp">
      <Filter>源文件</Filter>
    </ClCompile>
    <ClCompile Include="4-2_类与对象_封装（二）.cpp">
      <Filter>源文件</Filter>
    </ClCompile>
    <ClCompile Include="4-3_类与对象_封装案例一.cpp">
      <Filter>源文件</Filter>
    </ClCompile>
    <ClCompile Include="4-4_类与对象_封装案例二.cpp">
      <Filter>源文件</Filter>
    </ClCompile>
    <ClCompile Include="4-5_构造函数与析构函数.cpp">
      <Filter>源文件</Filter>
    </ClCompile>
    <ClCompile Include="4-6_深拷贝与浅拷贝.cpp">
      <Filter>源文件</Filter>
    </ClCompile>
    <ClCompile Include="4-7_初始化列表.cpp">
      <Filter>源文件</Filter>
    </ClCompile>
    <ClCompile Include="4-8_类对象作为类成员（嵌套类）.cpp">
      <Filter>源文件</Filter>
    </ClCompile>
    <ClCompile Include="4-9_静态成员.cpp">
      <Filter>源文件</Filter>
    </ClCompile>
    <ClCompile Include="4-10_C++对象模型和this指针.cpp">
      <Filter>源文件</Filter>
    </ClCompile>
    <ClCompile Include="4-11_空指针访问成员函数.cpp">
      <Filter>源文件</Filter>
    </ClCompile>
    <ClCompile Include="4-12_const修饰成员函数.cpp">
      <Filter>源文件</Filter>
    </ClCompile>
    <ClCompile Include="4-13_全局函数做友元.cpp">
      <Filter>源文件</Filter>
    </ClCompile>
    <ClCompile Include="4-14_类做友元.cpp">
      <Filter>源文件</Filter>
    </ClCompile>
    <ClCompile Include="4-15_成员函数做友元.cpp">
      <Filter>源文件</Filter>
    </ClCompile>
    <ClCompile Include="4-16_加号运算符重载.cpp">
      <Filter>源文件</Filter>
    </ClCompile>
    <ClCompile Include="4-17_左移运算符重载.cpp">
      <Filter>源文件</Filter>
    </ClCompile>
    <ClCompile Include="4-18_递增运算符重载.cpp">
      <Filter>源文件</Filter>
    </ClCompile>
    <ClCompile Include="4-19_递减运算符重载.cpp">
      <Filter>源文件</Filter>
    </ClCompile>
    <ClCompile Include="4-20_赋值运算符重载.cpp">
      <Filter>源文件</Filter>
    </ClCompile>
    <ClCompile Include="4-21_关系运算符重载.cpp">
      <Filter>源文件</Filter>
    </ClCompile>
    <ClCompile Include="4-22_函数调用运算符重载.cpp">
      <Filter>源文件</Filter>
    </ClCompile>
    <ClCompile Include="4-23_继承.cpp">
      <Filter>源文件</Filter>
    </ClCompile>
    <ClCompile Include="4-24_继承方式.cpp">
      <Filter>源文件</Filter>
    </ClCompile>
    <ClCompile Include="4-25_继承中的对象模型.cpp">
      <Filter>源文件</Filter>
    </ClCompile>
    <ClCompile Include="4-26_继承中构造析构顺序.cpp">
      <Filter>源文件</Filter>
    </ClCompile>
    <ClCompile Include="4-27_继承同名成员处理.cpp">
      <Filter>源文件</Filter>
    </ClCompile>
    <ClCompile Include="4-28_继承同名静态成员处理.cpp">
      <Filter>源文件</Filter>
    </ClCompile>
    <ClCompile Include="4-29_多继承语法.cpp">
      <Filter>源文件</Filter>
    </ClCompile>
    <ClCompile Include="4-30_菱形继承.cpp">
      <Filter>源文件</Filter>
    </ClCompile>
    <ClCompile Include="4-31_多态的基本概念.cpp">
      <Filter>源文件</Filter>
    </ClCompile>
    <ClCompile Include="4-32_多态案例—计算器类.cpp">
      <Filter>源文件</Filter>
    </ClCompile>
    <ClCompile Include="4-33_纯虚函数和抽象类.cpp">
      <Filter>源文件</Filter>
    </ClCompile>
    <ClCompile Include="4-34_多态案例二-制作饮品.cpp">
      <Filter>源文件</Filter>
    </ClCompile>
    <ClCompile Include="4-35_虚析构和纯虚析构.cpp">
      <Filter>源文件</Filter>
    </ClCompile>
    <ClCompile Include="4-36_多态案例三-电脑组装.cpp">
      <Filter>源文件</Filter>
    </ClCompile>
    <ClCompile Include="5-1_文本文件之写文件.cpp">
      <Filter>源文件</Filter>
    </ClCompile>
    <ClCompile Include="5-2_文本文件之读文件.cpp">
      <Filter>源文件</Filter>
    </ClCompile>
    <ClCompile Include="5-3_二进制文件之写文件.cpp">
      <Filter>源文件</Filter>
    </ClCompile>
    <ClCompile Include="5-4_二进制文件之读文件.cpp">
      <Filter>源文件</Filter>
    </ClCompile>
    <ClCompile Include="职工管理系统.cpp">
      <Filter>源文件</Filter>
    </ClCompile>
  </ItemGroup>
</Project>